
Microsoft Visual Studio Solution File, Format Version 12.00
# Visual Studio 15
VisualStudioVersion = 15.0.27004.2006
MinimumVisualStudioVersion = 10.0.40219.1
Project("{9A19103F-16F7-4668-BE54-9A1E7A4F7556}") = "HOLMS.Scheduler", "HOLMS.Scheduler\HOLMS.Scheduler.csproj", "{45123E97-1C42-47B0-9154-41E5F9A62E14}"
EndProject
Project("{930C7802-8A8C-48F9-8165-68863BCCD9DD}") = "HOLMS.Scheduler.Installer", "HOLMS.Scheduler.Installer\HOLMS.Scheduler.Installer.wixproj", "{196EABDC-1FB7-41DC-909B-F88A54A5CFB4}"
EndProject
Global
	GlobalSection(SolutionConfigurationPlatforms) = preSolution
		Debug|x64 = Debug|x64
		Release|x64 = Release|x64
	EndGlobalSection
	GlobalSection(ProjectConfigurationPlatforms) = postSolution
		{45123E97-1C42-47B0-9154-41E5F9A62E14}.Debug|x64.ActiveCfg = Debug|Any CPU
		{45123E97-1C42-47B0-9154-41E5F9A62E14}.Debug|x64.Build.0 = Debug|Any CPU
		{45123E97-1C42-47B0-9154-41E5F9A62E14}.Release|x64.ActiveCfg = Release|Any CPU
		{45123E97-1C42-47B0-9154-41E5F9A62E14}.Release|x64.Build.0 = Release|Any CPU
		{196EABDC-1FB7-41DC-909B-F88A54A5CFB4}.Debug|x64.ActiveCfg = Debug|x64
		{196EABDC-1FB7-41DC-909B-F88A54A5CFB4}.Debug|x64.Build.0 = Debug|x64
		{196EABDC-1FB7-41DC-909B-F88A54A5CFB4}.Release|x64.ActiveCfg = Release|x64
		{196EABDC-1FB7-41DC-909B-F88A54A5CFB4}.Release|x64.Build.0 = Release|x64
	EndGlobalSection
	GlobalSection(SolutionProperties) = preSolution
		HideSolutionNode = FALSE
	EndGlobalSection
	GlobalSection(ExtensibilityGlobals) = postSolution
		SolutionGuid = {1EFDD40F-A2B3-45C8-8697-7215626DD2C2}
	EndGlobalSection
EndGlobal
